// !$*UTF8*$!
{
	archiveVersion = 1;
	classes = {
	};
	objectVersion = 56;
	objects = {

/* Begin PBXBuildFile section */
		5C285F02292C0F960083E4E3 /* Converter.swift in Sources */ = {isa = PBXBuildFile; fileRef = 5C285F01292C0F960083E4E3 /* Converter.swift */; };
		5C285F04292C1BB30083E4E3 /* OSLog+extensions.swift in Sources */ = {isa = PBXBuildFile; fileRef = 5C285F03292C1BB30083E4E3 /* OSLog+extensions.swift */; };
		5C3469572927D2F5007E6221 /* XSLXConverter.swift in Sources */ = {isa = PBXBuildFile; fileRef = 5C3469562927D2F5007E6221 /* XSLXConverter.swift */; };
		5C3469592927D2F5007E6221 /* ContentView.swift in Sources */ = {isa = PBXBuildFile; fileRef = 5C3469582927D2F5007E6221 /* ContentView.swift */; };
		5C34695B2927D2F7007E6221 /* Assets.xcassets in Resources */ = {isa = PBXBuildFile; fileRef = 5C34695A2927D2F7007E6221 /* Assets.xcassets */; };
		5C3469692927D2F7007E6221 /* XSLXConverterTests.swift in Sources */ = {isa = PBXBuildFile; fileRef = 5C3469682927D2F7007E6221 /* XSLXConverterTests.swift */; };
		5C3469732927D2F7007E6221 /* XSLXConverterUITests.swift in Sources */ = {isa = PBXBuildFile; fileRef = 5C3469722927D2F7007E6221 /* XSLXConverterUITests.swift */; };
		5C3469752927D2F7007E6221 /* XSLXConverterUITestsLaunchTests.swift in Sources */ = {isa = PBXBuildFile; fileRef = 5C3469742927D2F7007E6221 /* XSLXConverterUITestsLaunchTests.swift */; };
		5C3469832927D5D0007E6221 /* CoreXLSX in Frameworks */ = {isa = PBXBuildFile; productRef = 5C3469822927D5D0007E6221 /* CoreXLSX */; };
		5C34698B29280A00007E6221 /* Data+Extensions.swift in Sources */ = {isa = PBXBuildFile; fileRef = 5C34698A29280A00007E6221 /* Data+Extensions.swift */; };
		5C5A8A6E292CCB94005C761C /* README.md in Resources */ = {isa = PBXBuildFile; fileRef = 5C5A8A6C292CCB94005C761C /* README.md */; };
		5C5A8A6F292CCB94005C761C /* LICENSE in Resources */ = {isa = PBXBuildFile; fileRef = 5C5A8A6D292CCB94005C761C /* LICENSE */; };
/* End PBXBuildFile section */

/* Begin PBXContainerItemProxy section */
		5C3469652927D2F7007E6221 /* PBXContainerItemProxy */ = {
			isa = PBXContainerItemProxy;
			containerPortal = 5C34694B2927D2F5007E6221 /* Project object */;
			proxyType = 1;
			remoteGlobalIDString = 5C3469522927D2F5007E6221;
			remoteInfo = "xslx to json";
		};
		5C34696F2927D2F7007E6221 /* PBXContainerItemProxy */ = {
			isa = PBXContainerItemProxy;
			containerPortal = 5C34694B2927D2F5007E6221 /* Project object */;
			proxyType = 1;
			remoteGlobalIDString = 5C3469522927D2F5007E6221;
			remoteInfo = "xslx to json";
		};
/* End PBXContainerItemProxy section */

/* Begin PBXFileReference section */
		5C285F01292C0F960083E4E3 /* Converter.swift */ = {isa = PBXFileReference; lastKnownFileType = sourcecode.swift; path = Converter.swift; sourceTree = "<group>"; };
		5C285F03292C1BB30083E4E3 /* OSLog+extensions.swift */ = {isa = PBXFileReference; lastKnownFileType = sourcecode.swift; path = "OSLog+extensions.swift"; sourceTree = "<group>"; };
		5C3469532927D2F5007E6221 /* XSLXConverter.app */ = {isa = PBXFileReference; explicitFileType = wrapper.application; includeInIndex = 0; path = XSLXConverter.app; sourceTree = BUILT_PRODUCTS_DIR; };
		5C3469562927D2F5007E6221 /* XSLXConverter.swift */ = {isa = PBXFileReference; lastKnownFileType = sourcecode.swift; path = XSLXConverter.swift; sourceTree = "<group>"; };
		5C3469582927D2F5007E6221 /* ContentView.swift */ = {isa = PBXFileReference; lastKnownFileType = sourcecode.swift; path = ContentView.swift; sourceTree = "<group>"; };
		5C34695A2927D2F7007E6221 /* Assets.xcassets */ = {isa = PBXFileReference; lastKnownFileType = folder.assetcatalog; path = Assets.xcassets; sourceTree = "<group>"; };
		5C34695F2927D2F7007E6221 /* XSLXConverter.entitlements */ = {isa = PBXFileReference; lastKnownFileType = text.plist.entitlements; path = XSLXConverter.entitlements; sourceTree = "<group>"; };
		5C3469642927D2F7007E6221 /* XSLXConverterTests.xctest */ = {isa = PBXFileReference; explicitFileType = wrapper.cfbundle; includeInIndex = 0; path = XSLXConverterTests.xctest; sourceTree = BUILT_PRODUCTS_DIR; };
		5C3469682927D2F7007E6221 /* XSLXConverterTests.swift */ = {isa = PBXFileReference; lastKnownFileType = sourcecode.swift; path = XSLXConverterTests.swift; sourceTree = "<group>"; };
		5C34696E2927D2F7007E6221 /* XSLXConverterUITests.xctest */ = {isa = PBXFileReference; explicitFileType = wrapper.cfbundle; includeInIndex = 0; path = XSLXConverterUITests.xctest; sourceTree = BUILT_PRODUCTS_DIR; };
		5C3469722927D2F7007E6221 /* XSLXConverterUITests.swift */ = {isa = PBXFileReference; lastKnownFileType = sourcecode.swift; path = XSLXConverterUITests.swift; sourceTree = "<group>"; };
		5C3469742927D2F7007E6221 /* XSLXConverterUITestsLaunchTests.swift */ = {isa = PBXFileReference; lastKnownFileType = sourcecode.swift; path = XSLXConverterUITestsLaunchTests.swift; sourceTree = "<group>"; };
		5C34698A29280A00007E6221 /* Data+Extensions.swift */ = {isa = PBXFileReference; fileEncoding = 4; lastKnownFileType = sourcecode.swift; path = "Data+Extensions.swift"; sourceTree = "<group>"; };
		5C5A8A6C292CCB94005C761C /* README.md */ = {isa = PBXFileReference; fileEncoding = 4; lastKnownFileType = net.daringfireball.markdown; path = README.md; sourceTree = "<group>"; };
		5C5A8A6D292CCB94005C761C /* LICENSE */ = {isa = PBXFileReference; fileEncoding = 4; lastKnownFileType = text; path = LICENSE; sourceTree = "<group>"; };
/* End PBXFileReference section */

/* Begin PBXFrameworksBuildPhase section */
		5C3469502927D2F5007E6221 /* Frameworks */ = {
			isa = PBXFrameworksBuildPhase;
			buildActionMask = 2147483647;
			files = (
				5C3469832927D5D0007E6221 /* CoreXLSX in Frameworks */,
			);
			runOnlyForDeploymentPostprocessing = 0;
		};
		5C3469612927D2F7007E6221 /* Frameworks */ = {
			isa = PBXFrameworksBuildPhase;
			buildActionMask = 2147483647;
			files = (
			);
			runOnlyForDeploymentPostprocessing = 0;
		};
		5C34696B2927D2F7007E6221 /* Frameworks */ = {
			isa = PBXFrameworksBuildPhase;
			buildActionMask = 2147483647;
			files = (
			);
			runOnlyForDeploymentPostprocessing = 0;
		};
/* End PBXFrameworksBuildPhase section */

/* Begin PBXGroup section */
		5C18800A292CC81A00A26FB1 /* Extensions */ = {
			isa = PBXGroup;
			children = (
				5C34698A29280A00007E6221 /* Data+Extensions.swift */,
				5C285F03292C1BB30083E4E3 /* OSLog+extensions.swift */,
			);
			path = Extensions;
			sourceTree = "<group>";
		};
		5C34694A2927D2F5007E6221 = {
			isa = PBXGroup;
			children = (
				5C5A8A6D292CCB94005C761C /* LICENSE */,
				5C5A8A6C292CCB94005C761C /* README.md */,
				5C3469552927D2F5007E6221 /* XSLXConverter */,
				5C3469672927D2F7007E6221 /* XSLXConverterTests */,
				5C3469712927D2F7007E6221 /* XSLXConverterUITests */,
				5C3469542927D2F5007E6221 /* Products */,
			);
			sourceTree = "<group>";
		};
		5C3469542927D2F5007E6221 /* Products */ = {
			isa = PBXGroup;
			children = (
				5C3469532927D2F5007E6221 /* XSLXConverter.app */,
				5C3469642927D2F7007E6221 /* XSLXConverterTests.xctest */,
				5C34696E2927D2F7007E6221 /* XSLXConverterUITests.xctest */,
			);
			name = Products;
			sourceTree = "<group>";
		};
		5C3469552927D2F5007E6221 /* XSLXConverter */ = {
			isa = PBXGroup;
			children = (
				5C3469562927D2F5007E6221 /* XSLXConverter.swift */,
				5C3469582927D2F5007E6221 /* ContentView.swift */,
				5C285F01292C0F960083E4E3 /* Converter.swift */,
				5C34695A2927D2F7007E6221 /* Assets.xcassets */,
				5C34695F2927D2F7007E6221 /* XSLXConverter.entitlements */,
				5C18800A292CC81A00A26FB1 /* Extensions */,
			);
			path = XSLXConverter;
			sourceTree = "<group>";
		};
		5C3469672927D2F7007E6221 /* XSLXConverterTests */ = {
			isa = PBXGroup;
			children = (
				5C3469682927D2F7007E6221 /* XSLXConverterTests.swift */,
			);
			path = XSLXConverterTests;
			sourceTree = "<group>";
		};
		5C3469712927D2F7007E6221 /* XSLXConverterUITests */ = {
			isa = PBXGroup;
			children = (
				5C3469722927D2F7007E6221 /* XSLXConverterUITests.swift */,
				5C3469742927D2F7007E6221 /* XSLXConverterUITestsLaunchTests.swift */,
			);
			path = XSLXConverterUITests;
			sourceTree = "<group>";
		};
/* End PBXGroup section */

/* Begin PBXNativeTarget section */
		5C3469522927D2F5007E6221 /* XSLXConverter */ = {
			isa = PBXNativeTarget;
			buildConfigurationList = 5C3469782927D2F7007E6221 /* Build configuration list for PBXNativeTarget "XSLXConverter" */;
			buildPhases = (
				5C34694F2927D2F5007E6221 /* Sources */,
				5C3469502927D2F5007E6221 /* Frameworks */,
				5C3469512927D2F5007E6221 /* Resources */,
			);
			buildRules = (
			);
			dependencies = (
			);
			name = XSLXConverter;
			packageProductDependencies = (
				5C3469822927D5D0007E6221 /* CoreXLSX */,
			);
			productName = "xslx to json";
			productReference = 5C3469532927D2F5007E6221 /* XSLXConverter.app */;
			productType = "com.apple.product-type.application";
		};
		5C3469632927D2F7007E6221 /* XSLXConverterTests */ = {
			isa = PBXNativeTarget;
			buildConfigurationList = 5C34697B2927D2F7007E6221 /* Build configuration list for PBXNativeTarget "XSLXConverterTests" */;
			buildPhases = (
				5C3469602927D2F7007E6221 /* Sources */,
				5C3469612927D2F7007E6221 /* Frameworks */,
				5C3469622927D2F7007E6221 /* Resources */,
			);
			buildRules = (
			);
			dependencies = (
				5C3469662927D2F7007E6221 /* PBXTargetDependency */,
			);
			name = XSLXConverterTests;
			productName = "xslx to jsonTests";
			productReference = 5C3469642927D2F7007E6221 /* XSLXConverterTests.xctest */;
			productType = "com.apple.product-type.bundle.unit-test";
		};
		5C34696D2927D2F7007E6221 /* XSLXConverterUITests */ = {
			isa = PBXNativeTarget;
			buildConfigurationList = 5C34697E2927D2F7007E6221 /* Build configuration list for PBXNativeTarget "XSLXConverterUITests" */;
			buildPhases = (
				5C34696A2927D2F7007E6221 /* Sources */,
				5C34696B2927D2F7007E6221 /* Frameworks */,
				5C34696C2927D2F7007E6221 /* Resources */,
			);
			buildRules = (
			);
			dependencies = (
				5C3469702927D2F7007E6221 /* PBXTargetDependency */,
			);
			name = XSLXConverterUITests;
			productName = "xslx to jsonUITests";
			productReference = 5C34696E2927D2F7007E6221 /* XSLXConverterUITests.xctest */;
			productType = "com.apple.product-type.bundle.ui-testing";
		};
/* End PBXNativeTarget section */

/* Begin PBXProject section */
		5C34694B2927D2F5007E6221 /* Project object */ = {
			isa = PBXProject;
			attributes = {
				BuildIndependentTargetsInParallel = 1;
				LastSwiftUpdateCheck = 1410;
				LastUpgradeCheck = 1410;
				TargetAttributes = {
					5C3469522927D2F5007E6221 = {
						CreatedOnToolsVersion = 14.1;
					};
					5C3469632927D2F7007E6221 = {
						CreatedOnToolsVersion = 14.1;
						TestTargetID = 5C3469522927D2F5007E6221;
					};
					5C34696D2927D2F7007E6221 = {
						CreatedOnToolsVersion = 14.1;
						TestTargetID = 5C3469522927D2F5007E6221;
					};
				};
			};
			buildConfigurationList = 5C34694E2927D2F5007E6221 /* Build configuration list for PBXProject "XSLXConverter" */;
			compatibilityVersion = "Xcode 14.0";
			developmentRegion = en;
			hasScannedForEncodings = 0;
			knownRegions = (
				en,
				Base,
			);
			mainGroup = 5C34694A2927D2F5007E6221;
			packageReferences = (
				5C3469812927D5D0007E6221 /* XCRemoteSwiftPackageReference "CoreXLSX" */,
			);
			productRefGroup = 5C3469542927D2F5007E6221 /* Products */;
			projectDirPath = "";
			projectRoot = "";
			targets = (
				5C3469522927D2F5007E6221 /* XSLXConverter */,
				5C3469632927D2F7007E6221 /* XSLXConverterTests */,
				5C34696D2927D2F7007E6221 /* XSLXConverterUITests */,
			);
		};
/* End PBXProject section */

/* Begin PBXResourcesBuildPhase section */
		5C3469512927D2F5007E6221 /* Resources */ = {
			isa = PBXResourcesBuildPhase;
			buildActionMask = 2147483647;
			files = (
				5C5A8A6F292CCB94005C761C /* LICENSE in Resources */,
				5C5A8A6E292CCB94005C761C /* README.md in Resources */,
				5C34695B2927D2F7007E6221 /* Assets.xcassets in Resources */,
			);
			runOnlyForDeploymentPostprocessing = 0;
		};
		5C3469622927D2F7007E6221 /* Resources */ = {
			isa = PBXResourcesBuildPhase;
			buildActionMask = 2147483647;
			files = (
			);
			runOnlyForDeploymentPostprocessing = 0;
		};
		5C34696C2927D2F7007E6221 /* Resources */ = {
			isa = PBXResourcesBuildPhase;
			buildActionMask = 2147483647;
			files = (
			);
			runOnlyForDeploymentPostprocessing = 0;
		};
/* End PBXResourcesBuildPhase section */

/* Begin PBXSourcesBuildPhase section */
		5C34694F2927D2F5007E6221 /* Sources */ = {
			isa = PBXSourcesBuildPhase;
			buildActionMask = 2147483647;
			files = (
				5C3469592927D2F5007E6221 /* ContentView.swift in Sources */,
				5C34698B29280A00007E6221 /* Data+Extensions.swift in Sources */,
				5C3469572927D2F5007E6221 /* XSLXConverter.swift in Sources */,
				5C285F04292C1BB30083E4E3 /* OSLog+extensions.swift in Sources */,
				5C285F02292C0F960083E4E3 /* Converter.swift in Sources */,
			);
			runOnlyForDeploymentPostprocessing = 0;
		};
		5C3469602927D2F7007E6221 /* Sources */ = {
			isa = PBXSourcesBuildPhase;
			buildActionMask = 2147483647;
			files = (
				5C3469692927D2F7007E6221 /* XSLXConverterTests.swift in Sources */,
			);
			runOnlyForDeploymentPostprocessing = 0;
		};
		5C34696A2927D2F7007E6221 /* Sources */ = {
			isa = PBXSourcesBuildPhase;
			buildActionMask = 2147483647;
			files = (
				5C3469752927D2F7007E6221 /* XSLXConverterUITestsLaunchTests.swift in Sources */,
				5C3469732927D2F7007E6221 /* XSLXConverterUITests.swift in Sources */,
			);
			runOnlyForDeploymentPostprocessing = 0;
		};
/* End PBXSourcesBuildPhase section */

/* Begin PBXTargetDependency section */
		5C3469662927D2F7007E6221 /* PBXTargetDependency */ = {
			isa = PBXTargetDependency;
			target = 5C3469522927D2F5007E6221 /* XSLXConverter */;
			targetProxy = 5C3469652927D2F7007E6221 /* PBXContainerItemProxy */;
		};
		5C3469702927D2F7007E6221 /* PBXTargetDependency */ = {
			isa = PBXTargetDependency;
			target = 5C3469522927D2F5007E6221 /* XSLXConverter */;
			targetProxy = 5C34696F2927D2F7007E6221 /* PBXContainerItemProxy */;
		};
/* End PBXTargetDependency section */

/* Begin XCBuildConfiguration section */
		5C3469762927D2F7007E6221 /* Debug */ = {
			isa = XCBuildConfiguration;
			buildSettings = {
				ALWAYS_SEARCH_USER_PATHS = NO;
				CLANG_ANALYZER_NONNULL = YES;
				CLANG_ANALYZER_NUMBER_OBJECT_CONVERSION = YES_AGGRESSIVE;
				CLANG_CXX_LANGUAGE_STANDARD = "gnu++20";
				CLANG_ENABLE_MODULES = YES;
				CLANG_ENABLE_OBJC_ARC = YES;
				CLANG_ENABLE_OBJC_WEAK = YES;
				CLANG_WARN_BLOCK_CAPTURE_AUTORELEASING = YES;
				CLANG_WARN_BOOL_CONVERSION = YES;
				CLANG_WARN_COMMA = YES;
				CLANG_WARN_CONSTANT_CONVERSION = YES;
				CLANG_WARN_DEPRECATED_OBJC_IMPLEMENTATIONS = YES;
				CLANG_WARN_DIRECT_OBJC_ISA_USAGE = YES_ERROR;
				CLANG_WARN_DOCUMENTATION_COMMENTS = YES;
				CLANG_WARN_EMPTY_BODY = YES;
				CLANG_WARN_ENUM_CONVERSION = YES;
				CLANG_WARN_INFINITE_RECURSION = YES;
				CLANG_WARN_INT_CONVERSION = YES;
				CLANG_WARN_NON_LITERAL_NULL_CONVERSION = YES;
				CLANG_WARN_OBJC_IMPLICIT_RETAIN_SELF = YES;
				CLANG_WARN_OBJC_LITERAL_CONVERSION = YES;
				CLANG_WARN_OBJC_ROOT_CLASS = YES_ERROR;
				CLANG_WARN_QUOTED_INCLUDE_IN_FRAMEWORK_HEADER = YES;
				CLANG_WARN_RANGE_LOOP_ANALYSIS = YES;
				CLANG_WARN_STRICT_PROTOTYPES = YES;
				CLANG_WARN_SUSPICIOUS_MOVE = YES;
				CLANG_WARN_UNGUARDED_AVAILABILITY = YES_AGGRESSIVE;
				CLANG_WARN_UNREACHABLE_CODE = YES;
				CLANG_WARN__DUPLICATE_METHOD_MATCH = YES;
				COPY_PHASE_STRIP = NO;
				DEBUG_INFORMATION_FORMAT = dwarf;
				ENABLE_STRICT_OBJC_MSGSEND = YES;
				ENABLE_TESTABILITY = YES;
				GCC_C_LANGUAGE_STANDARD = gnu11;
				GCC_DYNAMIC_NO_PIC = NO;
				GCC_NO_COMMON_BLOCKS = YES;
				GCC_OPTIMIZATION_LEVEL = 0;
				GCC_PREPROCESSOR_DEFINITIONS = (
					"DEBUG=1",
					"$(inherited)",
				);
				GCC_WARN_64_TO_32_BIT_CONVERSION = YES;
				GCC_WARN_ABOUT_RETURN_TYPE = YES_ERROR;
				GCC_WARN_UNDECLARED_SELECTOR = YES;
				GCC_WARN_UNINITIALIZED_AUTOS = YES_AGGRESSIVE;
				GCC_WARN_UNUSED_FUNCTION = YES;
				GCC_WARN_UNUSED_VARIABLE = YES;
				MACOSX_DEPLOYMENT_TARGET = 13.0;
				MTL_ENABLE_DEBUG_INFO = INCLUDE_SOURCE;
				MTL_FAST_MATH = YES;
				ONLY_ACTIVE_ARCH = YES;
				SDKROOT = macosx;
				SWIFT_ACTIVE_COMPILATION_CONDITIONS = DEBUG;
				SWIFT_OPTIMIZATION_LEVEL = "-Onone";
			};
			name = Debug;
		};
		5C3469772927D2F7007E6221 /* Release */ = {
			isa = XCBuildConfiguration;
			buildSettings = {
				ALWAYS_SEARCH_USER_PATHS = NO;
				CLANG_ANALYZER_NONNULL = YES;
				CLANG_ANALYZER_NUMBER_OBJECT_CONVERSION = YES_AGGRESSIVE;
				CLANG_CXX_LANGUAGE_STANDARD = "gnu++20";
				CLANG_ENABLE_MODULES = YES;
				CLANG_ENABLE_OBJC_ARC = YES;
				CLANG_ENABLE_OBJC_WEAK = YES;
				CLANG_WARN_BLOCK_CAPTURE_AUTORELEASING = YES;
				CLANG_WARN_BOOL_CONVERSION = YES;
				CLANG_WARN_COMMA = YES;
				CLANG_WARN_CONSTANT_CONVERSION = YES;
				CLANG_WARN_DEPRECATED_OBJC_IMPLEMENTATIONS = YES;
				CLANG_WARN_DIRECT_OBJC_ISA_USAGE = YES_ERROR;
				CLANG_WARN_DOCUMENTATION_COMMENTS = YES;
				CLANG_WARN_EMPTY_BODY = YES;
				CLANG_WARN_ENUM_CONVERSION = YES;
				CLANG_WARN_INFINITE_RECURSION = YES;
				CLANG_WARN_INT_CONVERSION = YES;
				CLANG_WARN_NON_LITERAL_NULL_CONVERSION = YES;
				CLANG_WARN_OBJC_IMPLICIT_RETAIN_SELF = YES;
				CLANG_WARN_OBJC_LITERAL_CONVERSION = YES;
				CLANG_WARN_OBJC_ROOT_CLASS = YES_ERROR;
				CLANG_WARN_QUOTED_INCLUDE_IN_FRAMEWORK_HEADER = YES;
				CLANG_WARN_RANGE_LOOP_ANALYSIS = YES;
				CLANG_WARN_STRICT_PROTOTYPES = YES;
				CLANG_WARN_SUSPICIOUS_MOVE = YES;
				CLANG_WARN_UNGUARDED_AVAILABILITY = YES_AGGRESSIVE;
				CLANG_WARN_UNREACHABLE_CODE = YES;
				CLANG_WARN__DUPLICATE_METHOD_MATCH = YES;
				COPY_PHASE_STRIP = NO;
				DEBUG_INFORMATION_FORMAT = "dwarf-with-dsym";
				ENABLE_NS_ASSERTIONS = NO;
				ENABLE_STRICT_OBJC_MSGSEND = YES;
				GCC_C_LANGUAGE_STANDARD = gnu11;
				GCC_NO_COMMON_BLOCKS = YES;
				GCC_WARN_64_TO_32_BIT_CONVERSION = YES;
				GCC_WARN_ABOUT_RETURN_TYPE = YES_ERROR;
				GCC_WARN_UNDECLARED_SELECTOR = YES;
				GCC_WARN_UNINITIALIZED_AUTOS = YES_AGGRESSIVE;
				GCC_WARN_UNUSED_FUNCTION = YES;
				GCC_WARN_UNUSED_VARIABLE = YES;
				MACOSX_DEPLOYMENT_TARGET = 13.0;
				MTL_ENABLE_DEBUG_INFO = NO;
				MTL_FAST_MATH = YES;
				SDKROOT = macosx;
				SWIFT_COMPILATION_MODE = wholemodule;
				SWIFT_OPTIMIZATION_LEVEL = "-O";
			};
			name = Release;
		};
		5C3469792927D2F7007E6221 /* Debug */ = {
			isa = XCBuildConfiguration;
			buildSettings = {
				ASSETCATALOG_COMPILER_APPICON_NAME = AppIcon;
				ASSETCATALOG_COMPILER_GLOBAL_ACCENT_COLOR_NAME = AccentColor;
				CODE_SIGN_ENTITLEMENTS = XSLXConverter/XSLXConverter.entitlements;
				"CODE_SIGN_IDENTITY[sdk=macosx*]" = "-";
				CODE_SIGN_STYLE = Automatic;
				COMBINE_HIDPI_IMAGES = YES;
				CURRENT_PROJECT_VERSION = 1;
				DEVELOPMENT_ASSET_PATHS = "";
				DEVELOPMENT_TEAM = 538P9E4NEF;
				ENABLE_HARDENED_RUNTIME = YES;
				ENABLE_PREVIEWS = YES;
				GENERATE_INFOPLIST_FILE = YES;
				INFOPLIST_KEY_NSHumanReadableCopyright = "";
				LD_RUNPATH_SEARCH_PATHS = (
					"$(inherited)",
					"@executable_path/../Frameworks",
				);
				MARKETING_VERSION = 1.0;
				PRODUCT_BUNDLE_IDENTIFIER = solutions.twenty1.XSLXConverter;
				PRODUCT_NAME = "$(TARGET_NAME)";
				SWIFT_EMIT_LOC_STRINGS = YES;
				SWIFT_VERSION = 5.0;
			};
			name = Debug;
		};
		5C34697A2927D2F7007E6221 /* Release */ = {
			isa = XCBuildConfiguration;
			buildSettings = {
				ASSETCATALOG_COMPILER_APPICON_NAME = AppIcon;
				ASSETCATALOG_COMPILER_GLOBAL_ACCENT_COLOR_NAME = AccentColor;
				CODE_SIGN_ENTITLEMENTS = XSLXConverter/XSLXConverter.entitlements;
				"CODE_SIGN_IDENTITY[sdk=macosx*]" = "-";
				CODE_SIGN_STYLE = Automatic;
				COMBINE_HIDPI_IMAGES = YES;
				CURRENT_PROJECT_VERSION = 1;
				DEVELOPMENT_ASSET_PATHS = "";
				DEVELOPMENT_TEAM = 538P9E4NEF;
				ENABLE_HARDENED_RUNTIME = YES;
				ENABLE_PREVIEWS = YES;
				GENERATE_INFOPLIST_FILE = YES;
				INFOPLIST_KEY_NSHumanReadableCopyright = "";
				LD_RUNPATH_SEARCH_PATHS = (
					"$(inherited)",
					"@executable_path/../Frameworks",
				);
				MARKETING_VERSION = 1.0;
				PRODUCT_BUNDLE_IDENTIFIER = solutions.twenty1.XSLXConverter;
				PRODUCT_NAME = "$(TARGET_NAME)";
				SWIFT_EMIT_LOC_STRINGS = YES;
				SWIFT_VERSION = 5.0;
			};
			name = Release;
		};
		5C34697C2927D2F7007E6221 /* Debug */ = {
			isa = XCBuildConfiguration;
			buildSettings = {
				ALWAYS_EMBED_SWIFT_STANDARD_LIBRARIES = YES;
				BUNDLE_LOADER = "$(TEST_HOST)";
				CODE_SIGN_STYLE = Automatic;
				CURRENT_PROJECT_VERSION = 1;
				DEVELOPMENT_TEAM = JQ9WMKDP74;
				GENERATE_INFOPLIST_FILE = YES;
				MACOSX_DEPLOYMENT_TARGET = 13.0;
				MARKETING_VERSION = 1.0;
				PRODUCT_BUNDLE_IDENTIFIER = "ch.approppo.xslx-to-json.xslx-to-jsonTests";
				PRODUCT_NAME = "$(TARGET_NAME)";
				SWIFT_EMIT_LOC_STRINGS = NO;
				SWIFT_VERSION = 5.0;
				TEST_HOST = "$(BUILT_PRODUCTS_DIR)/XSLXConverter.app/$(BUNDLE_EXECUTABLE_FOLDER_PATH)/XSLXConverter";
			};
			name = Debug;
		};
		5C34697D2927D2F7007E6221 /* Release */ = {
			isa = XCBuildConfiguration;
			buildSettings = {
				ALWAYS_EMBED_SWIFT_STANDARD_LIBRARIES = YES;
				BUNDLE_LOADER = "$(TEST_HOST)";
				CODE_SIGN_STYLE = Automatic;
				CURRENT_PROJECT_VERSION = 1;
				DEVELOPMENT_TEAM = JQ9WMKDP74;
				GENERATE_INFOPLIST_FILE = YES;
				MACOSX_DEPLOYMENT_TARGET = 13.0;
				MARKETING_VERSION = 1.0;
				PRODUCT_BUNDLE_IDENTIFIER = "ch.approppo.xslx-to-json.xslx-to-jsonTests";
				PRODUCT_NAME = "$(TARGET_NAME)";
				SWIFT_EMIT_LOC_STRINGS = NO;
				SWIFT_VERSION = 5.0;
				TEST_HOST = "$(BUILT_PRODUCTS_DIR)/XSLXConverter.app/$(BUNDLE_EXECUTABLE_FOLDER_PATH)/XSLXConverter";
			};
			name = Release;
		};
		5C34697F2927D2F7007E6221 /* Debug */ = {
			isa = XCBuildConfiguration;
			buildSettings = {
				ALWAYS_EMBED_SWIFT_STANDARD_LIBRARIES = YES;
				CODE_SIGN_STYLE = Automatic;
				CURRENT_PROJECT_VERSION = 1;
				DEVELOPMENT_TEAM = JQ9WMKDP74;
				GENERATE_INFOPLIST_FILE = YES;
				MARKETING_VERSION = 1.0;
				PRODUCT_BUNDLE_IDENTIFIER = "ch.approppo.xslx-to-json.xslx-to-jsonUITests";
				PRODUCT_NAME = "$(TARGET_NAME)";
				SWIFT_EMIT_LOC_STRINGS = NO;
				SWIFT_VERSION = 5.0;
				TEST_TARGET_NAME = "xslx to json";
			};
			name = Debug;
		};
		5C3469802927D2F7007E6221 /* Release */ = {
			isa = XCBuildConfiguration;
			buildSettings = {
				ALWAYS_EMBED_SWIFT_STANDARD_LIBRARIES = YES;
				CODE_SIGN_STYLE = Automatic;
				CURRENT_PROJECT_VERSION = 1;
				DEVELOPMENT_TEAM = JQ9WMKDP74;
				GENERATE_INFOPLIST_FILE = YES;
				MARKETING_VERSION = 1.0;
				PRODUCT_BUNDLE_IDENTIFIER = "ch.approppo.xslx-to-json.xslx-to-jsonUITests";
				PRODUCT_NAME = "$(TARGET_NAME)";
				SWIFT_EMIT_LOC_STRINGS = NO;
				SWIFT_VERSION = 5.0;
				TEST_TARGET_NAME = "xslx to json";
			};
			name = Release;
		};
/* End XCBuildConfiguration section */

/* Begin XCConfigurationList section */
		5C34694E2927D2F5007E6221 /* Build configuration list for PBXProject "XSLXConverter" */ = {
			isa = XCConfigurationList;
			buildConfigurations = (
				5C3469762927D2F7007E6221 /* Debug */,
				5C3469772927D2F7007E6221 /* Release */,
			);
			defaultConfigurationIsVisible = 0;
			defaultConfigurationName = Release;
		};
		5C3469782927D2F7007E6221 /* Build configuration list for PBXNativeTarget "XSLXConverter" */ = {
			isa = XCConfigurationList;
			buildConfigurations = (
				5C3469792927D2F7007E6221 /* Debug */,
				5C34697A2927D2F7007E6221 /* Release */,
			);
			defaultConfigurationIsVisible = 0;
			defaultConfigurationName = Release;
		};
		5C34697B2927D2F7007E6221 /* Build configuration list for PBXNativeTarget "XSLXConverterTests" */ = {
			isa = XCConfigurationList;
			buildConfigurations = (
				5C34697C2927D2F7007E6221 /* Debug */,
				5C34697D2927D2F7007E6221 /* Release */,
			);
			defaultConfigurationIsVisible = 0;
			defaultConfigurationName = Release;
		};
		5C34697E2927D2F7007E6221 /* Build configuration list for PBXNativeTarget "XSLXConverterUITests" */ = {
			isa = XCConfigurationList;
			buildConfigurations = (
				5C34697F2927D2F7007E6221 /* Debug */,
				5C3469802927D2F7007E6221 /* Release */,
			);
			defaultConfigurationIsVisible = 0;
			defaultConfigurationName = Release;
		};
/* End XCConfigurationList section */

/* Begin XCRemoteSwiftPackageReference section */
		5C3469812927D5D0007E6221 /* XCRemoteSwiftPackageReference "CoreXLSX" */ = {
			isa = XCRemoteSwiftPackageReference;
			repositoryURL = "https://github.com/CoreOffice/CoreXLSX.git";
			requirement = {
				kind = upToNextMajorVersion;
				minimumVersion = 0.9.1;
			};
		};
/* End XCRemoteSwiftPackageReference section */

/* Begin XCSwiftPackageProductDependency section */
		5C3469822927D5D0007E6221 /* CoreXLSX */ = {
			isa = XCSwiftPackageProductDependency;
			package = 5C3469812927D5D0007E6221 /* XCRemoteSwiftPackageReference "CoreXLSX" */;
			productName = CoreXLSX;
		};
/* End XCSwiftPackageProductDependency section */
	};
	rootObject = 5C34694B2927D2F5007E6221 /* Project object */;
}
